
Microsoft Visual Studio Solution File, Format Version 12.00
# Visual Studio Version 16
VisualStudioVersion = 16.0.30907.101
MinimumVisualStudioVersion = 10.0.40219.1
Project("{FAE04EC0-301F-11D3-BF4B-00C04F79EFBC}") = "DesignPatterns", "DesignPatterns\DesignPatterns.csproj", "{782BA5DB-2874-45A4-B0F5-8876C9C41175}"
EndProject
Global
	GlobalSection(SolutionConfigurationPlatforms) = preSolution
		Debug|Any CPU = Debug|Any CPU
		Release|Any CPU = Release|Any CPU
	EndGlobalSection
	GlobalSection(ProjectConfigurationPlatforms) = postSolution
		{782BA5DB-2874-45A4-B0F5-8876C9C41175}.Debug|Any CPU.ActiveCfg = Debug|Any CPU
		{782BA5DB-2874-45A4-B0F5-8876C9C41175}.Debug|Any CPU.Build.0 = Debug|Any CPU
		{782BA5DB-2874-45A4-B0F5-8876C9C41175}.Release|Any CPU.ActiveCfg = Release|Any CPU
		{782BA5DB-2874-45A4-B0F5-8876C9C41175}.Release|Any CPU.Build.0 = Release|Any CPU
	EndGlobalSection
	GlobalSection(SolutionProperties) = preSolution
		HideSolutionNode = FALSE
	EndGlobalSection
	GlobalSection(ExtensibilityGlobals) = postSolution
		SolutionGuid = {845E6C6F-481A-4FDE-B5EA-35E426C9D957}
	EndGlobalSection
EndGlobal
